// !$*UTF8*$!
{
	archiveVersion = 1;
	classes = {
	};
	objectVersion = 46;
	objects = {

/* Begin PBXBuildFile section */
		451EA20414DFA4CB00BABD08 /* Cocoa.framework in Frameworks */ = {isa = PBXBuildFile; fileRef = 451EA20314DFA4CB00BABD08 /* Cocoa.framework */; };
		451EA20A14DFA4CB00BABD08 /* InfoPlist.strings in Resources */ = {isa = PBXBuildFile; fileRef = 451EA20814DFA4CB00BABD08 /* InfoPlist.strings */; };
		451EA20D14DFA4CB00BABD08 /* OpenMetaFileTaggingAction.m in Sources */ = {isa = PBXBuildFile; fileRef = 451EA20C14DFA4CB00BABD08 /* OpenMetaFileTaggingAction.m */; };
		451EA21014DFA4CB00BABD08 /* OpenMetaFileTaggingSource.m in Sources */ = {isa = PBXBuildFile; fileRef = 451EA20F14DFA4CB00BABD08 /* OpenMetaFileTaggingSource.m */; };
		451EA22014DFA53300BABD08 /* Common.xcconfig in Resources */ = {isa = PBXBuildFile; fileRef = 451EA21814DFA53300BABD08 /* Common.xcconfig */; };
		451EA22114DFA53300BABD08 /* Debug.xcconfig in Resources */ = {isa = PBXBuildFile; fileRef = 451EA21914DFA53300BABD08 /* Debug.xcconfig */; };
		451EA22214DFA53300BABD08 /* Developer.xcconfig in Resources */ = {isa = PBXBuildFile; fileRef = 451EA21A14DFA53300BABD08 /* Developer.xcconfig */; };
		451EA22314DFA53300BABD08 /* QSPlugIn.xcconfig in Resources */ = {isa = PBXBuildFile; fileRef = 451EA21B14DFA53300BABD08 /* QSPlugIn.xcconfig */; };
		451EA22414DFA53300BABD08 /* QSPlugIn_Debug.xcconfig in Resources */ = {isa = PBXBuildFile; fileRef = 451EA21C14DFA53300BABD08 /* QSPlugIn_Debug.xcconfig */; };
		451EA22514DFA53300BABD08 /* QSPlugIn_Release.xcconfig in Resources */ = {isa = PBXBuildFile; fileRef = 451EA21D14DFA53300BABD08 /* QSPlugIn_Release.xcconfig */; };
		451EA22614DFA53300BABD08 /* Release.xcconfig in Resources */ = {isa = PBXBuildFile; fileRef = 451EA21F14DFA53300BABD08 /* Release.xcconfig */; };
		453A92D514E478C3002A3D84 /* Tag.png in Resources */ = {isa = PBXBuildFile; fileRef = 453A92D414E478C3002A3D84 /* Tag.png */; };
		45AFC3CC14E207FB0048B8F0 /* OpenMetaHandler.m in Sources */ = {isa = PBXBuildFile; fileRef = 45AFC3CB14E207FB0048B8F0 /* OpenMetaHandler.m */; };
/* End PBXBuildFile section */

/* Begin PBXFileReference section */
		451EA20014DFA4CB00BABD08 /* OpenMeta File Tagging.qsplugin */ = {isa = PBXFileReference; explicitFileType = wrapper.cfbundle; includeInIndex = 0; path = "OpenMeta File Tagging.qsplugin"; sourceTree = BUILT_PRODUCTS_DIR; };
		451EA20314DFA4CB00BABD08 /* Cocoa.framework */ = {isa = PBXFileReference; lastKnownFileType = wrapper.framework; name = Cocoa.framework; path = System/Library/Frameworks/Cocoa.framework; sourceTree = SDKROOT; };
		451EA20714DFA4CB00BABD08 /* OpenMeta File Tagging-Info.plist */ = {isa = PBXFileReference; lastKnownFileType = text.plist.xml; path = "OpenMeta File Tagging-Info.plist"; sourceTree = "<group>"; };
		451EA20914DFA4CB00BABD08 /* en */ = {isa = PBXFileReference; lastKnownFileType = text.plist.strings; name = en; path = en.lproj/InfoPlist.strings; sourceTree = "<group>"; };
		451EA20B14DFA4CB00BABD08 /* OpenMetaFileTaggingAction.h */ = {isa = PBXFileReference; lastKnownFileType = sourcecode.c.h; path = OpenMetaFileTaggingAction.h; sourceTree = "<group>"; };
		451EA20C14DFA4CB00BABD08 /* OpenMetaFileTaggingAction.m */ = {isa = PBXFileReference; lastKnownFileType = sourcecode.c.objc; path = OpenMetaFileTaggingAction.m; sourceTree = "<group>"; };
		451EA20E14DFA4CB00BABD08 /* OpenMetaFileTaggingSource.h */ = {isa = PBXFileReference; lastKnownFileType = sourcecode.c.h; path = OpenMetaFileTaggingSource.h; sourceTree = "<group>"; };
		451EA20F14DFA4CB00BABD08 /* OpenMetaFileTaggingSource.m */ = {isa = PBXFileReference; lastKnownFileType = sourcecode.c.objc; path = OpenMetaFileTaggingSource.m; sourceTree = "<group>"; };
		451EA21814DFA53300BABD08 /* Common.xcconfig */ = {isa = PBXFileReference; fileEncoding = 4; lastKnownFileType = text.xcconfig; path = Common.xcconfig; sourceTree = "<group>"; };
		451EA21914DFA53300BABD08 /* Debug.xcconfig */ = {isa = PBXFileReference; fileEncoding = 4; lastKnownFileType = text.xcconfig; path = Debug.xcconfig; sourceTree = "<group>"; };
		451EA21A14DFA53300BABD08 /* Developer.xcconfig */ = {isa = PBXFileReference; fileEncoding = 4; lastKnownFileType = text.xcconfig; path = Developer.xcconfig; sourceTree = "<group>"; };
		451EA21B14DFA53300BABD08 /* QSPlugIn.xcconfig */ = {isa = PBXFileReference; fileEncoding = 4; lastKnownFileType = text.xcconfig; path = QSPlugIn.xcconfig; sourceTree = "<group>"; };
		451EA21C14DFA53300BABD08 /* QSPlugIn_Debug.xcconfig */ = {isa = PBXFileReference; fileEncoding = 4; lastKnownFileType = text.xcconfig; path = QSPlugIn_Debug.xcconfig; sourceTree = "<group>"; };
		451EA21D14DFA53300BABD08 /* QSPlugIn_Release.xcconfig */ = {isa = PBXFileReference; fileEncoding = 4; lastKnownFileType = text.xcconfig; path = QSPlugIn_Release.xcconfig; sourceTree = "<group>"; };
		451EA21E14DFA53300BABD08 /* Quicksilver.pch */ = {isa = PBXFileReference; fileEncoding = 4; lastKnownFileType = sourcecode.c.h; path = Quicksilver.pch; sourceTree = "<group>"; };
		451EA21F14DFA53300BABD08 /* Release.xcconfig */ = {isa = PBXFileReference; fileEncoding = 4; lastKnownFileType = text.xcconfig; path = Release.xcconfig; sourceTree = "<group>"; };
		453A92D414E478C3002A3D84 /* Tag.png */ = {isa = PBXFileReference; lastKnownFileType = image.png; name = Tag.png; path = Resources/Tag.png; sourceTree = "<group>"; };
		457BE52C14E197C100484B28 /* OpenMetaHandler.h */ = {isa = PBXFileReference; fileEncoding = 4; lastKnownFileType = sourcecode.c.h; path = OpenMetaHandler.h; sourceTree = "<group>"; };
		45AFC3CB14E207FB0048B8F0 /* OpenMetaHandler.m */ = {isa = PBXFileReference; fileEncoding = 4; lastKnownFileType = sourcecode.c.objc; path = OpenMetaHandler.m; sourceTree = "<group>"; };
/* End PBXFileReference section */

/* Begin PBXFrameworksBuildPhase section */
		451EA1FC14DFA4CB00BABD08 /* Frameworks */ = {
			isa = PBXFrameworksBuildPhase;
			buildActionMask = 2147483647;
			files = (
				451EA20414DFA4CB00BABD08 /* Cocoa.framework in Frameworks */,
			);
			runOnlyForDeploymentPostprocessing = 0;
		};
/* End PBXFrameworksBuildPhase section */

/* Begin PBXGroup section */
		451EA1F414DFA4CA00BABD08 = {
			isa = PBXGroup;
			children = (
				451EA20514DFA4CB00BABD08 /* OpenMeta File Tagging */,
				45C97F8B14DFA94800F3CF97 /* Resources */,
				451EA21714DFA53300BABD08 /* Configuration */,
				451EA20214DFA4CB00BABD08 /* Frameworks */,
				451EA20114DFA4CB00BABD08 /* Products */,
			);
			sourceTree = "<group>";
		};
		451EA20114DFA4CB00BABD08 /* Products */ = {
			isa = PBXGroup;
			children = (
				451EA20014DFA4CB00BABD08 /* OpenMeta File Tagging.qsplugin */,
			);
			name = Products;
			sourceTree = "<group>";
		};
		451EA20214DFA4CB00BABD08 /* Frameworks */ = {
			isa = PBXGroup;
			children = (
				451EA20314DFA4CB00BABD08 /* Cocoa.framework */,
			);
			name = Frameworks;
			sourceTree = "<group>";
		};
		451EA20514DFA4CB00BABD08 /* OpenMeta File Tagging */ = {
			isa = PBXGroup;
			children = (
				451EA20B14DFA4CB00BABD08 /* OpenMetaFileTaggingAction.h */,
				451EA20C14DFA4CB00BABD08 /* OpenMetaFileTaggingAction.m */,
				451EA20E14DFA4CB00BABD08 /* OpenMetaFileTaggingSource.h */,
				451EA20F14DFA4CB00BABD08 /* OpenMetaFileTaggingSource.m */,
				457BE52C14E197C100484B28 /* OpenMetaHandler.h */,
				45AFC3CB14E207FB0048B8F0 /* OpenMetaHandler.m */,
				451EA20614DFA4CB00BABD08 /* Supporting Files */,
			);
			path = "OpenMeta File Tagging";
			sourceTree = "<group>";
		};
		451EA20614DFA4CB00BABD08 /* Supporting Files */ = {
			isa = PBXGroup;
			children = (
				451EA20714DFA4CB00BABD08 /* OpenMeta File Tagging-Info.plist */,
				451EA20814DFA4CB00BABD08 /* InfoPlist.strings */,
			);
			name = "Supporting Files";
			sourceTree = "<group>";
		};
		451EA21714DFA53300BABD08 /* Configuration */ = {
			isa = PBXGroup;
			children = (
				451EA21814DFA53300BABD08 /* Common.xcconfig */,
				451EA21914DFA53300BABD08 /* Debug.xcconfig */,
				451EA21A14DFA53300BABD08 /* Developer.xcconfig */,
				451EA21B14DFA53300BABD08 /* QSPlugIn.xcconfig */,
				451EA21C14DFA53300BABD08 /* QSPlugIn_Debug.xcconfig */,
				451EA21D14DFA53300BABD08 /* QSPlugIn_Release.xcconfig */,
				451EA21E14DFA53300BABD08 /* Quicksilver.pch */,
				451EA21F14DFA53300BABD08 /* Release.xcconfig */,
			);
			name = Configuration;
			path = "/Users/jordanekay/Development/OpenMeta File Tagging/../../../../private/tmp/QS/Configuration";
			sourceTree = "<absolute>";
		};
		45C97F8B14DFA94800F3CF97 /* Resources */ = {
			isa = PBXGroup;
			children = (
				453A92D414E478C3002A3D84 /* Tag.png */,
			);
			name = Resources;
			sourceTree = "<group>";
		};
/* End PBXGroup section */

/* Begin PBXNativeTarget section */
		451EA1FF14DFA4CB00BABD08 /* OpenMeta File Tagging */ = {
			isa = PBXNativeTarget;
			buildConfigurationList = 451EA21414DFA4CB00BABD08 /* Build configuration list for PBXNativeTarget "OpenMeta File Tagging" */;
			buildPhases = (
				451EA1FB14DFA4CB00BABD08 /* Sources */,
				451EA1FC14DFA4CB00BABD08 /* Frameworks */,
				451EA1FD14DFA4CB00BABD08 /* Resources */,
				451EA1FE14DFA4CB00BABD08 /* ShellScript */,
			);
			buildRules = (
			);
			dependencies = (
			);
			name = "OpenMeta File Tagging";
			productName = "OpenMeta File Tagging";
			productReference = 451EA20014DFA4CB00BABD08 /* OpenMeta File Tagging.qsplugin */;
			productType = "com.apple.product-type.bundle";
		};
/* End PBXNativeTarget section */

/* Begin PBXProject section */
		451EA1F614DFA4CA00BABD08 /* Project object */ = {
			isa = PBXProject;
			attributes = {
				LastUpgradeCheck = 0420;
				ORGANIZATIONNAME = "Twitter, Inc.";
			};
			buildConfigurationList = 451EA1F914DFA4CA00BABD08 /* Build configuration list for PBXProject "OpenMeta File Tagging" */;
			compatibilityVersion = "Xcode 3.2";
			developmentRegion = English;
			hasScannedForEncodings = 0;
			knownRegions = (
				en,
			);
			mainGroup = 451EA1F414DFA4CA00BABD08;
			productRefGroup = 451EA20114DFA4CB00BABD08 /* Products */;
			projectDirPath = "";
			projectRoot = "";
			targets = (
				451EA1FF14DFA4CB00BABD08 /* OpenMeta File Tagging */,
			);
		};
/* End PBXProject section */

/* Begin PBXResourcesBuildPhase section */
		451EA1FD14DFA4CB00BABD08 /* Resources */ = {
			isa = PBXResourcesBuildPhase;
			buildActionMask = 2147483647;
			files = (
				451EA20A14DFA4CB00BABD08 /* InfoPlist.strings in Resources */,
				451EA22014DFA53300BABD08 /* Common.xcconfig in Resources */,
				451EA22114DFA53300BABD08 /* Debug.xcconfig in Resources */,
				451EA22214DFA53300BABD08 /* Developer.xcconfig in Resources */,
				451EA22314DFA53300BABD08 /* QSPlugIn.xcconfig in Resources */,
				451EA22414DFA53300BABD08 /* QSPlugIn_Debug.xcconfig in Resources */,
				451EA22514DFA53300BABD08 /* QSPlugIn_Release.xcconfig in Resources */,
				451EA22614DFA53300BABD08 /* Release.xcconfig in Resources */,
				453A92D514E478C3002A3D84 /* Tag.png in Resources */,
			);
			runOnlyForDeploymentPostprocessing = 0;
		};
/* End PBXResourcesBuildPhase section */

/* Begin PBXShellScriptBuildPhase section */
		451EA1FE14DFA4CB00BABD08 /* ShellScript */ = {
			isa = PBXShellScriptBuildPhase;
			buildActionMask = 2147483647;
			files = (
			);
			inputPaths = (
			);
			outputPaths = (
			);
			runOnlyForDeploymentPostprocessing = 1;
			shellPath = /bin/sh;
			shellScript = "$SRCROOT/OpenMeta File Tagging/bltrversion $INFOPLIST_FILE";
		};
/* End PBXShellScriptBuildPhase section */

/* Begin PBXSourcesBuildPhase section */
		451EA1FB14DFA4CB00BABD08 /* Sources */ = {
			isa = PBXSourcesBuildPhase;
			buildActionMask = 2147483647;
			files = (
				451EA20D14DFA4CB00BABD08 /* OpenMetaFileTaggingAction.m in Sources */,
				451EA21014DFA4CB00BABD08 /* OpenMetaFileTaggingSource.m in Sources */,
				45AFC3CC14E207FB0048B8F0 /* OpenMetaHandler.m in Sources */,
			);
			runOnlyForDeploymentPostprocessing = 0;
		};
/* End PBXSourcesBuildPhase section */

/* Begin PBXVariantGroup section */
		451EA20814DFA4CB00BABD08 /* InfoPlist.strings */ = {
			isa = PBXVariantGroup;
			children = (
				451EA20914DFA4CB00BABD08 /* en */,
			);
			name = InfoPlist.strings;
			sourceTree = "<group>";
		};
/* End PBXVariantGroup section */

/* Begin XCBuildConfiguration section */
		451EA21214DFA4CB00BABD08 /* Debug */ = {
			isa = XCBuildConfiguration;
			baseConfigurationReference = 451EA21914DFA53300BABD08 /* Debug.xcconfig */;
			buildSettings = {
				ALWAYS_SEARCH_USER_PATHS = NO;
			};
			name = Debug;
		};
		451EA21314DFA4CB00BABD08 /* Release */ = {
			isa = XCBuildConfiguration;
			baseConfigurationReference = 451EA21F14DFA53300BABD08 /* Release.xcconfig */;
			buildSettings = {
				ALWAYS_SEARCH_USER_PATHS = NO;
			};
			name = Release;
		};
		451EA21514DFA4CB00BABD08 /* Debug */ = {
			isa = XCBuildConfiguration;
			baseConfigurationReference = 451EA21C14DFA53300BABD08 /* QSPlugIn_Debug.xcconfig */;
			buildSettings = {
				GCC_PRECOMPILE_PREFIX_HEADER = YES;
				GCC_VERSION = "";
				INFOPLIST_FILE = "OpenMeta File Tagging/OpenMeta File Tagging-Info.plist";
				PRODUCT_NAME = "$(TARGET_NAME)";
				WRAPPER_EXTENSION = qsplugin;
			};
			name = Debug;
		};
		451EA21614DFA4CB00BABD08 /* Release */ = {
			isa = XCBuildConfiguration;
			baseConfigurationReference = 451EA21D14DFA53300BABD08 /* QSPlugIn_Release.xcconfig */;
			buildSettings = {
				GCC_PRECOMPILE_PREFIX_HEADER = YES;
				GCC_VERSION = "";
				INFOPLIST_FILE = "OpenMeta File Tagging/OpenMeta File Tagging-Info.plist";
				PRODUCT_NAME = "$(TARGET_NAME)";
				WRAPPER_EXTENSION = qsplugin;
			};
			name = Release;
		};
/* End XCBuildConfiguration section */

/* Begin XCConfigurationList section */
		451EA1F914DFA4CA00BABD08 /* Build configuration list for PBXProject "OpenMeta File Tagging" */ = {
			isa = XCConfigurationList;
			buildConfigurations = (
				451EA21214DFA4CB00BABD08 /* Debug */,
				451EA21314DFA4CB00BABD08 /* Release */,
			);
			defaultConfigurationIsVisible = 0;
			defaultConfigurationName = Release;
		};
		451EA21414DFA4CB00BABD08 /* Build configuration list for PBXNativeTarget "OpenMeta File Tagging" */ = {
			isa = XCConfigurationList;
			buildConfigurations = (
				451EA21514DFA4CB00BABD08 /* Debug */,
				451EA21614DFA4CB00BABD08 /* Release */,
			);
			defaultConfigurationIsVisible = 0;
			defaultConfigurationName = Release;
		};
/* End XCConfigurationList section */
	};
	rootObject = 451EA1F614DFA4CA00BABD08 /* Project object */;
}
